
Microsoft Visual Studio Solution File, Format Version 12.00
# Visual Studio Version 17
VisualStudioVersion = 17.10.35027.167
MinimumVisualStudioVersion = 10.0.40219.1
Project("{FAE04EC0-301F-11D3-BF4B-00C04F79EFBC}") = "MySqlProject.View", "MySqlProject.View\MySqlProject.View.csproj", "{FCEF3143-078B-4AE0-A6BA-2B2010AF4EB3}"
EndProject
Project("{FAE04EC0-301F-11D3-BF4B-00C04F79EFBC}") = "MySqlProject.Model", "MySqlProject.Model\MySqlProject.Model.csproj", "{9E7DF04F-1473-4A6F-A926-7210FA55B7BC}"
EndProject
Project("{FAE04EC0-301F-11D3-BF4B-00C04F79EFBC}") = "MySqlProject.ViewModel", "MySqlProject.ViewModel\MySqlProject.ViewModel.csproj", "{5065A5DB-6F29-4214-A77F-0D8984120C19}"
EndProject
Project("{FAE04EC0-301F-11D3-BF4B-00C04F79EFBC}") = "MySqlProject.Core", "MySqlProject.Core\MySqlProject.Core.csproj", "{49538874-4756-4860-A887-D6CAFD113106}"
EndProject
Project("{FAE04EC0-301F-11D3-BF4B-00C04F79EFBC}") = "MySqlProject.ConsoleApp", "MySqlProject.ConsoleApp\MySqlProject.ConsoleApp.csproj", "{F6DD46E6-8384-4B89-80FF-F144DA895CC3}"
EndProject
Global
	GlobalSection(SolutionConfigurationPlatforms) = preSolution
		Debug|Any CPU = Debug|Any CPU
		Release|Any CPU = Release|Any CPU
	EndGlobalSection
	GlobalSection(ProjectConfigurationPlatforms) = postSolution
		{FCEF3143-078B-4AE0-A6BA-2B2010AF4EB3}.Debug|Any CPU.ActiveCfg = Debug|Any CPU
		{FCEF3143-078B-4AE0-A6BA-2B2010AF4EB3}.Debug|Any CPU.Build.0 = Debug|Any CPU
		{FCEF3143-078B-4AE0-A6BA-2B2010AF4EB3}.Release|Any CPU.ActiveCfg = Release|Any CPU
		{FCEF3143-078B-4AE0-A6BA-2B2010AF4EB3}.Release|Any CPU.Build.0 = Release|Any CPU
		{9E7DF04F-1473-4A6F-A926-7210FA55B7BC}.Debug|Any CPU.ActiveCfg = Debug|Any CPU
		{9E7DF04F-1473-4A6F-A926-7210FA55B7BC}.Debug|Any CPU.Build.0 = Debug|Any CPU
		{9E7DF04F-1473-4A6F-A926-7210FA55B7BC}.Release|Any CPU.ActiveCfg = Release|Any CPU
		{9E7DF04F-1473-4A6F-A926-7210FA55B7BC}.Release|Any CPU.Build.0 = Release|Any CPU
		{5065A5DB-6F29-4214-A77F-0D8984120C19}.Debug|Any CPU.ActiveCfg = Debug|Any CPU
		{5065A5DB-6F29-4214-A77F-0D8984120C19}.Debug|Any CPU.Build.0 = Debug|Any CPU
		{5065A5DB-6F29-4214-A77F-0D8984120C19}.Release|Any CPU.ActiveCfg = Release|Any CPU
		{5065A5DB-6F29-4214-A77F-0D8984120C19}.Release|Any CPU.Build.0 = Release|Any CPU
		{49538874-4756-4860-A887-D6CAFD113106}.Debug|Any CPU.ActiveCfg = Debug|Any CPU
		{49538874-4756-4860-A887-D6CAFD113106}.Debug|Any CPU.Build.0 = Debug|Any CPU
		{49538874-4756-4860-A887-D6CAFD113106}.Release|Any CPU.ActiveCfg = Release|Any CPU
		{49538874-4756-4860-A887-D6CAFD113106}.Release|Any CPU.Build.0 = Release|Any CPU
		{F6DD46E6-8384-4B89-80FF-F144DA895CC3}.Debug|Any CPU.ActiveCfg = Debug|Any CPU
		{F6DD46E6-8384-4B89-80FF-F144DA895CC3}.Debug|Any CPU.Build.0 = Debug|Any CPU
		{F6DD46E6-8384-4B89-80FF-F144DA895CC3}.Release|Any CPU.ActiveCfg = Release|Any CPU
		{F6DD46E6-8384-4B89-80FF-F144DA895CC3}.Release|Any CPU.Build.0 = Release|Any CPU
	EndGlobalSection
	GlobalSection(SolutionProperties) = preSolution
		HideSolutionNode = FALSE
	EndGlobalSection
	GlobalSection(ExtensibilityGlobals) = postSolution
		SolutionGuid = {64C114A7-5841-4AC2-B5AB-849B50474F89}
	EndGlobalSection
EndGlobal
